
Microsoft Visual Studio Solution File, Format Version 12.00
# Visual Studio 14
VisualStudioVersion = 14.0.22310.1
MinimumVisualStudioVersion = 10.0.40219.1
Project("{2150E333-8FDC-42A3-9474-1A3956D46DE8}") = "Engine", "Engine", "{6C83F1FF-1A0A-4F6A-9ED5-405A115C9B20}"
EndProject
Project("{2150E333-8FDC-42A3-9474-1A3956D46DE8}") = "Games", "Games", "{DB6BDC55-C547-4A77-85D4-8A4B6309FAF0}"
EndProject
Project("{8BC9CEB8-8B4A-11D0-8D11-00A0C91BC942}") = "UE4", "Intermediate\ProjectFiles\UE4.vcxproj", "{DC6D6F7C-5DD2-4480-B3E1-35B3D4CFBCF2}"
EndProject
Project("{8BC9CEB8-8B4A-11D0-8D11-00A0C91BC942}") = "BuildingEscape", "Intermediate\ProjectFiles\BuildingEscape.vcxproj", "{CBA3C1CC-3016-42F1-8DFB-637F063B37B4}"
EndProject
Global
	GlobalSection(SolutionConfigurationPlatforms) = preSolution
		DebugGame Editor|HTML5 = DebugGame Editor|HTML5
		DebugGame Editor|Win32 = DebugGame Editor|Win32
		DebugGame Editor|Win64 = DebugGame Editor|Win64
		DebugGame|HTML5 = DebugGame|HTML5
		DebugGame|Win32 = DebugGame|Win32
		DebugGame|Win64 = DebugGame|Win64
		Development Editor|HTML5 = Development Editor|HTML5
		Development Editor|Win32 = Development Editor|Win32
		Development Editor|Win64 = Development Editor|Win64
		Development|HTML5 = Development|HTML5
		Development|Win32 = Development|Win32
		Development|Win64 = Development|Win64
		Shipping|HTML5 = Shipping|HTML5
		Shipping|Win32 = Shipping|Win32
		Shipping|Win64 = Shipping|Win64
	EndGlobalSection
	GlobalSection(ProjectConfigurationPlatforms) = postSolution
		{CBA3C1CC-3016-42F1-8DFB-637F063B37B4}.DebugGame Editor|HTML5.ActiveCfg = HTML5_DebugGame_Editor|Win32
		{CBA3C1CC-3016-42F1-8DFB-637F063B37B4}.DebugGame Editor|Win32.ActiveCfg = DebugGame_Editor|Win32
		{CBA3C1CC-3016-42F1-8DFB-637F063B37B4}.DebugGame Editor|Win64.ActiveCfg = DebugGame_Editor|x64
		{CBA3C1CC-3016-42F1-8DFB-637F063B37B4}.DebugGame Editor|Win64.Build.0 = DebugGame_Editor|x64
		{CBA3C1CC-3016-42F1-8DFB-637F063B37B4}.DebugGame|HTML5.ActiveCfg = HTML5_DebugGame_Game|Win32
		{CBA3C1CC-3016-42F1-8DFB-637F063B37B4}.DebugGame|HTML5.Build.0 = HTML5_DebugGame_Game|Win32
		{CBA3C1CC-3016-42F1-8DFB-637F063B37B4}.DebugGame|Win32.ActiveCfg = DebugGame_Game|Win32
		{CBA3C1CC-3016-42F1-8DFB-637F063B37B4}.DebugGame|Win32.Build.0 = DebugGame_Game|Win32
		{CBA3C1CC-3016-42F1-8DFB-637F063B37B4}.DebugGame|Win64.ActiveCfg = DebugGame_Game|x64
		{CBA3C1CC-3016-42F1-8DFB-637F063B37B4}.DebugGame|Win64.Build.0 = DebugGame_Game|x64
		{CBA3C1CC-3016-42F1-8DFB-637F063B37B4}.Development Editor|HTML5.ActiveCfg = HTML5_Development_Editor|Win32
		{CBA3C1CC-3016-42F1-8DFB-637F063B37B4}.Development Editor|Win32.ActiveCfg = Development_Editor|Win32
		{CBA3C1CC-3016-42F1-8DFB-637F063B37B4}.Development Editor|Win64.ActiveCfg = Development_Editor|x64
		{CBA3C1CC-3016-42F1-8DFB-637F063B37B4}.Development Editor|Win64.Build.0 = Development_Editor|x64
		{CBA3C1CC-3016-42F1-8DFB-637F063B37B4}.Development|HTML5.ActiveCfg = HTML5_Development_Game|Win32
		{CBA3C1CC-3016-42F1-8DFB-637F063B37B4}.Development|HTML5.Build.0 = HTML5_Development_Game|Win32
		{CBA3C1CC-3016-42F1-8DFB-637F063B37B4}.Development|Win32.ActiveCfg = Development_Game|Win32
		{CBA3C1CC-3016-42F1-8DFB-637F063B37B4}.Development|Win32.Build.0 = Development_Game|Win32
		{CBA3C1CC-3016-42F1-8DFB-637F063B37B4}.Development|Win64.ActiveCfg = Development_Game|x64
		{CBA3C1CC-3016-42F1-8DFB-637F063B37B4}.Development|Win64.Build.0 = Development_Game|x64
		{CBA3C1CC-3016-42F1-8DFB-637F063B37B4}.Shipping|HTML5.ActiveCfg = HTML5_Shipping_Game|Win32
		{CBA3C1CC-3016-42F1-8DFB-637F063B37B4}.Shipping|HTML5.Build.0 = HTML5_Shipping_Game|Win32
		{CBA3C1CC-3016-42F1-8DFB-637F063B37B4}.Shipping|Win32.ActiveCfg = Shipping_Game|Win32
		{CBA3C1CC-3016-42F1-8DFB-637F063B37B4}.Shipping|Win32.Build.0 = Shipping_Game|Win32
		{CBA3C1CC-3016-42F1-8DFB-637F063B37B4}.Shipping|Win64.ActiveCfg = Shipping_Game|x64
		{CBA3C1CC-3016-42F1-8DFB-637F063B37B4}.Shipping|Win64.Build.0 = Shipping_Game|x64
	EndGlobalSection
	GlobalSection(SolutionProperties) = preSolution
		HideSolutionNode = FALSE
	EndGlobalSection
	GlobalSection(NestedProjects) = preSolution
		{DC6D6F7C-5DD2-4480-B3E1-35B3D4CFBCF2} = {6C83F1FF-1A0A-4F6A-9ED5-405A115C9B20}
		{CBA3C1CC-3016-42F1-8DFB-637F063B37B4} = {DB6BDC55-C547-4A77-85D4-8A4B6309FAF0}
	EndGlobalSection
EndGlobal
